<?xml version="1.0" encoding="utf-8"?>
<Project ToolsVersion="4.0" xmlns="http://schemas.microsoft.com/developer/msbuild/2003">
  <ItemGroup>
    <Filter Include="Source Files">
      <UniqueIdentifier>{4FC737F1-C7A5-4376-A066-2A32D752A2FF}</UniqueIdentifier>
      <Extensions>cpp;c;cc;cxx;c++;cppm;ixx;def;odl;idl;hpj;bat;asm;asmx</Extensions>
    </Filter>
    <Filter Include="Header Files">
      <UniqueIdentifier>{93995380-89BD-4b04-88EB-625FBE52EBFB}</UniqueIdentifier>
      <Extensions>h;hh;hpp;hxx;h++;hm;inl;inc;ipp;xsd</Extensions>
    </Filter>
    <Filter Include="Resource Files">
      <UniqueIdentifier>{67DA6AB6-F800-4c08-8B7A-83BB121AAD01}</UniqueIdentifier>
      <Extensions>rc;ico;cur;bmp;dlg;rc2;rct;bin;rgs;gif;jpg;jpeg;jpe;resx;tiff;tif;png;wav;mfcribbon-ms</Extensions>
    </Filter>
    <Filter Include="Header Files\Math">
      <UniqueIdentifier>{7d4a5860-4011-4707-b997-9f8654ac0934}</UniqueIdentifier>
    </Filter>
    <Filter Include="Source Files\Math">
      <UniqueIdentifier>{4d7267a6-e22e-4eea-85a4-f31fc7470b5d}</UniqueIdentifier>
    </Filter>
    <Filter Include="Source Files\Math\Angles">
      <UniqueIdentifier>{f5322947-fbb3-46f1-9dfb-7e92a45a8eae}</UniqueIdentifier>
    </Filter>
    <Filter Include="Header Files\Math\Vectors">
      <UniqueIdentifier>{c89cbd11-4682-4bd2-9f1a-dbb5366c74eb}</UniqueIdentifier>
    </Filter>
    <Filter Include="Header Files\Math\Angles">
      <UniqueIdentifier>{841aca61-4e98-4735-b238-7ecc09f2e53e}</UniqueIdentifier>
    </Filter>
    <Filter Include="Source Files\Math\Vectors">
      <UniqueIdentifier>{e68c8135-967c-4728-80d5-a4d90dfe7cba}</UniqueIdentifier>
    </Filter>
  </ItemGroup>
  <ItemGroup>
    <ClCompile Include="Test.cpp">
      <Filter>Source Files</Filter>
    </ClCompile>
    <ClCompile Include="Vector3D.h">
      <Filter>Header Files\Math\Vectors</Filter>
    </ClCompile>
    <ClCompile Include="Vector2D.cpp">
      <Filter>Source Files\Math\Vectors</Filter>
    </ClCompile>
    <ClCompile Include="Vector3D.cpp">
      <Filter>Source Files\Math\Vectors</Filter>
    </ClCompile>
    <ClCompile Include="CoreMacro.h">
      <Filter>Header Files</Filter>
    </ClCompile>
    <ClCompile Include="EulerAngle.cpp">
      <Filter>Source Files\Math\Angles</Filter>
    </ClCompile>
    <ClCompile Include="Quaternion.cpp">
      <Filter>Source Files\Math\Angles</Filter>
    </ClCompile>
    <ClCompile Include="RotationMatrix.cpp">
      <Filter>Source Files\Math\Angles</Filter>
    </ClCompile>
    <ClCompile Include="AxisAngle.cpp">
      <Filter>Source Files\Math\Angles</Filter>
    </ClCompile>
  </ItemGroup>
  <ItemGroup>
    <ClInclude Include="MathVariable.h">
      <Filter>Header Files\Math</Filter>
    </ClInclude>
    <ClInclude Include="MathVectors.h">
      <Filter>Header Files\Math\Vectors</Filter>
    </ClInclude>
    <ClInclude Include="Vector2D.h">
      <Filter>Header Files\Math\Vectors</Filter>
    </ClInclude>
    <ClInclude Include="MathFuctions.h">
      <Filter>Header Files\Math</Filter>
    </ClInclude>
    <ClInclude Include="Quaternion.h">
      <Filter>Header Files\Math\Angles</Filter>
    </ClInclude>
    <ClInclude Include="EulerAngle.h">
      <Filter>Header Files\Math\Angles</Filter>
    </ClInclude>
    <ClInclude Include="MathAngles.h">
      <Filter>Header Files\Math\Angles</Filter>
    </ClInclude>
    <ClInclude Include="RotationMatrix.h">
      <Filter>Header Files\Math\Angles</Filter>
    </ClInclude>
    <ClInclude Include="AxisAngle.h">
      <Filter>Header Files\Math\Angles</Filter>
    </ClInclude>
  </ItemGroup>
</Project>